// !$*UTF8*$!
{
	archiveVersion = 1;
	classes = {
	};
	objectVersion = 46;
	objects = {

/* Begin PBXBuildFile section */
		6C89F6EA1BFE05FD00AC2477 /* AppDelegate.swift in Sources */ = {isa = PBXBuildFile; fileRef = 6C89F6E91BFE05FD00AC2477 /* AppDelegate.swift */; };
		6C89F6EC1BFE05FD00AC2477 /* MapViewController.swift in Sources */ = {isa = PBXBuildFile; fileRef = 6C89F6EB1BFE05FD00AC2477 /* MapViewController.swift */; };
		6C89F6EF1BFE05FD00AC2477 /* Main.storyboard in Resources */ = {isa = PBXBuildFile; fileRef = 6C89F6ED1BFE05FD00AC2477 /* Main.storyboard */; };
		6C89F6F21BFE05FD00AC2477 /* VirtualTourist.xcdatamodeld in Sources */ = {isa = PBXBuildFile; fileRef = 6C89F6F01BFE05FD00AC2477 /* VirtualTourist.xcdatamodeld */; };
		6C89F6F41BFE05FD00AC2477 /* Assets.xcassets in Resources */ = {isa = PBXBuildFile; fileRef = 6C89F6F31BFE05FD00AC2477 /* Assets.xcassets */; };
		6C89F6F71BFE05FD00AC2477 /* LaunchScreen.storyboard in Resources */ = {isa = PBXBuildFile; fileRef = 6C89F6F51BFE05FD00AC2477 /* LaunchScreen.storyboard */; };
		6C89F6FF1BFE070A00AC2477 /* CoreDataStackManager.swift in Sources */ = {isa = PBXBuildFile; fileRef = 6C89F6FE1BFE070A00AC2477 /* CoreDataStackManager.swift */; };
/* End PBXBuildFile section */

/* Begin PBXFileReference section */
		6C89F6E61BFE05FD00AC2477 /* VirtualTourist.app */ = {isa = PBXFileReference; explicitFileType = wrapper.application; includeInIndex = 0; path = VirtualTourist.app; sourceTree = BUILT_PRODUCTS_DIR; };
		6C89F6E91BFE05FD00AC2477 /* AppDelegate.swift */ = {isa = PBXFileReference; lastKnownFileType = sourcecode.swift; path = AppDelegate.swift; sourceTree = "<group>"; };
		6C89F6EB1BFE05FD00AC2477 /* MapViewController.swift */ = {isa = PBXFileReference; lastKnownFileType = sourcecode.swift; path = MapViewController.swift; sourceTree = "<group>"; };
		6C89F6EE1BFE05FD00AC2477 /* Base */ = {isa = PBXFileReference; lastKnownFileType = file.storyboard; name = Base; path = Base.lproj/Main.storyboard; sourceTree = "<group>"; };
		6C89F6F11BFE05FD00AC2477 /* VirtualTourist.xcdatamodel */ = {isa = PBXFileReference; lastKnownFileType = wrapper.xcdatamodel; path = VirtualTourist.xcdatamodel; sourceTree = "<group>"; };
		6C89F6F31BFE05FD00AC2477 /* Assets.xcassets */ = {isa = PBXFileReference; lastKnownFileType = folder.assetcatalog; path = Assets.xcassets; sourceTree = "<group>"; };
		6C89F6F61BFE05FD00AC2477 /* Base */ = {isa = PBXFileReference; lastKnownFileType = file.storyboard; name = Base; path = Base.lproj/LaunchScreen.storyboard; sourceTree = "<group>"; };
		6C89F6F81BFE05FD00AC2477 /* Info.plist */ = {isa = PBXFileReference; lastKnownFileType = text.plist.xml; path = Info.plist; sourceTree = "<group>"; };
		6C89F6FE1BFE070A00AC2477 /* CoreDataStackManager.swift */ = {isa = PBXFileReference; fileEncoding = 4; lastKnownFileType = sourcecode.swift; path = CoreDataStackManager.swift; sourceTree = "<group>"; };
/* End PBXFileReference section */

/* Begin PBXFrameworksBuildPhase section */
		6C89F6E31BFE05FD00AC2477 /* Frameworks */ = {
			isa = PBXFrameworksBuildPhase;
			buildActionMask = 2147483647;
			files = (
			);
			runOnlyForDeploymentPostprocessing = 0;
		};
/* End PBXFrameworksBuildPhase section */

/* Begin PBXGroup section */
		6C89F6DD1BFE05FD00AC2477 = {
			isa = PBXGroup;
			children = (
				6C89F6E81BFE05FD00AC2477 /* VirtualTourist */,
				6C89F6E71BFE05FD00AC2477 /* Products */,
			);
			sourceTree = "<group>";
		};
		6C89F6E71BFE05FD00AC2477 /* Products */ = {
			isa = PBXGroup;
			children = (
				6C89F6E61BFE05FD00AC2477 /* VirtualTourist.app */,
			);
			name = Products;
			sourceTree = "<group>";
		};
		6C89F6E81BFE05FD00AC2477 /* VirtualTourist */ = {
			isa = PBXGroup;
			children = (
				6C89F6E91BFE05FD00AC2477 /* AppDelegate.swift */,
				6C89F6FE1BFE070A00AC2477 /* CoreDataStackManager.swift */,
				6C89F6ED1BFE05FD00AC2477 /* Main.storyboard */,
				6C89F6EB1BFE05FD00AC2477 /* MapViewController.swift */,
				6C89F6F31BFE05FD00AC2477 /* Assets.xcassets */,
				6C89F6F51BFE05FD00AC2477 /* LaunchScreen.storyboard */,
				6C89F6F81BFE05FD00AC2477 /* Info.plist */,
				6C89F6F01BFE05FD00AC2477 /* VirtualTourist.xcdatamodeld */,
			);
			path = VirtualTourist;
			sourceTree = "<group>";
		};
/* End PBXGroup section */

/* Begin PBXNativeTarget section */
		6C89F6E51BFE05FD00AC2477 /* VirtualTourist */ = {
			isa = PBXNativeTarget;
			buildConfigurationList = 6C89F6FB1BFE05FD00AC2477 /* Build configuration list for PBXNativeTarget "VirtualTourist" */;
			buildPhases = (
				6C89F6E21BFE05FD00AC2477 /* Sources */,
				6C89F6E31BFE05FD00AC2477 /* Frameworks */,
				6C89F6E41BFE05FD00AC2477 /* Resources */,
			);
			buildRules = (
			);
			dependencies = (
			);
			name = VirtualTourist;
			productName = VirtualTourist;
			productReference = 6C89F6E61BFE05FD00AC2477 /* VirtualTourist.app */;
			productType = "com.apple.product-type.application";
		};
/* End PBXNativeTarget section */

/* Begin PBXProject section */
		6C89F6DE1BFE05FD00AC2477 /* Project object */ = {
			isa = PBXProject;
			attributes = {
				LastSwiftUpdateCheck = 0710;
				LastUpgradeCheck = 0710;
				ORGANIZATIONNAME = "Ricardo Boccato Alves";
				TargetAttributes = {
					6C89F6E51BFE05FD00AC2477 = {
						CreatedOnToolsVersion = 7.1.1;
					};
				};
			};
			buildConfigurationList = 6C89F6E11BFE05FD00AC2477 /* Build configuration list for PBXProject "VirtualTourist" */;
			compatibilityVersion = "Xcode 3.2";
			developmentRegion = English;
			hasScannedForEncodings = 0;
			knownRegions = (
				en,
				Base,
			);
			mainGroup = 6C89F6DD1BFE05FD00AC2477;
			productRefGroup = 6C89F6E71BFE05FD00AC2477 /* Products */;
			projectDirPath = "";
			projectRoot = "";
			targets = (
				6C89F6E51BFE05FD00AC2477 /* VirtualTourist */,
			);
		};
/* End PBXProject section */

/* Begin PBXResourcesBuildPhase section */
		6C89F6E41BFE05FD00AC2477 /* Resources */ = {
			isa = PBXResourcesBuildPhase;
			buildActionMask = 2147483647;
			files = (
				6C89F6F71BFE05FD00AC2477 /* LaunchScreen.storyboard in Resources */,
				6C89F6F41BFE05FD00AC2477 /* Assets.xcassets in Resources */,
				6C89F6EF1BFE05FD00AC2477 /* Main.storyboard in Resources */,
			);
			runOnlyForDeploymentPostprocessing = 0;
		};
/* End PBXResourcesBuildPhase section */

/* Begin PBXSourcesBuildPhase section */
		6C89F6E21BFE05FD00AC2477 /* Sources */ = {
			isa = PBXSourcesBuildPhase;
			buildActionMask = 2147483647;
			files = (
				6C89F6EC1BFE05FD00AC2477 /* MapViewController.swift in Sources */,
				6C89F6FF1BFE070A00AC2477 /* CoreDataStackManager.swift in Sources */,
				6C89F6EA1BFE05FD00AC2477 /* AppDelegate.swift in Sources */,
				6C89F6F21BFE05FD00AC2477 /* VirtualTourist.xcdatamodeld in Sources */,
			);
			runOnlyForDeploymentPostprocessing = 0;
		};
/* End PBXSourcesBuildPhase section */

/* Begin PBXVariantGroup section */
		6C89F6ED1BFE05FD00AC2477 /* Main.storyboard */ = {
			isa = PBXVariantGroup;
			children = (
				6C89F6EE1BFE05FD00AC2477 /* Base */,
			);
			name = Main.storyboard;
			sourceTree = "<group>";
		};
		6C89F6F51BFE05FD00AC2477 /* LaunchScreen.storyboard */ = {
			isa = PBXVariantGroup;
			children = (
				6C89F6F61BFE05FD00AC2477 /* Base */,
			);
			name = LaunchScreen.storyboard;
			sourceTree = "<group>";
		};
/* End PBXVariantGroup section */

/* Begin XCBuildConfiguration section */
		6C89F6F91BFE05FD00AC2477 /* Debug */ = {
			isa = XCBuildConfiguration;
			buildSettings = {
				ALWAYS_SEARCH_USER_PATHS = NO;
				CLANG_CXX_LANGUAGE_STANDARD = "gnu++0x";
				CLANG_CXX_LIBRARY = "libc++";
				CLANG_ENABLE_MODULES = YES;
				CLANG_ENABLE_OBJC_ARC = YES;
				CLANG_WARN_BOOL_CONVERSION = YES;
				CLANG_WARN_CONSTANT_CONVERSION = YES;
				CLANG_WARN_DIRECT_OBJC_ISA_USAGE = YES_ERROR;
				CLANG_WARN_EMPTY_BODY = YES;
				CLANG_WARN_ENUM_CONVERSION = YES;
				CLANG_WARN_INT_CONVERSION = YES;
				CLANG_WARN_OBJC_ROOT_CLASS = YES_ERROR;
				CLANG_WARN_UNREACHABLE_CODE = YES;
				CLANG_WARN__DUPLICATE_METHOD_MATCH = YES;
				"CODE_SIGN_IDENTITY[sdk=iphoneos*]" = "iPhone Developer";
				COPY_PHASE_STRIP = NO;
				DEBUG_INFORMATION_FORMAT = dwarf;
				ENABLE_STRICT_OBJC_MSGSEND = YES;
				ENABLE_TESTABILITY = YES;
				GCC_C_LANGUAGE_STANDARD = gnu99;
				GCC_DYNAMIC_NO_PIC = NO;
				GCC_NO_COMMON_BLOCKS = YES;
				GCC_OPTIMIZATION_LEVEL = 0;
				GCC_PREPROCESSOR_DEFINITIONS = (
					"DEBUG=1",
					"$(inherited)",
				);
				GCC_WARN_64_TO_32_BIT_CONVERSION = YES;
				GCC_WARN_ABOUT_RETURN_TYPE = YES_ERROR;
				GCC_WARN_UNDECLARED_SELECTOR = YES;
				GCC_WARN_UNINITIALIZED_AUTOS = YES_AGGRESSIVE;
				GCC_WARN_UNUSED_FUNCTION = YES;
				GCC_WARN_UNUSED_VARIABLE = YES;
				IPHONEOS_DEPLOYMENT_TARGET = 9.1;
				MTL_ENABLE_DEBUG_INFO = YES;
				ONLY_ACTIVE_ARCH = YES;
				SDKROOT = iphoneos;
				SWIFT_OPTIMIZATION_LEVEL = "-Onone";
			};
			name = Debug;
		};
		6C89F6FA1BFE05FD00AC2477 /* Release */ = {
			isa = XCBuildConfiguration;
			buildSettings = {
				ALWAYS_SEARCH_USER_PATHS = NO;
				CLANG_CXX_LANGUAGE_STANDARD = "gnu++0x";
				CLANG_CXX_LIBRARY = "libc++";
				CLANG_ENABLE_MODULES = YES;
				CLANG_ENABLE_OBJC_ARC = YES;
				CLANG_WARN_BOOL_CONVERSION = YES;
				CLANG_WARN_CONSTANT_CONVERSION = YES;
				CLANG_WARN_DIRECT_OBJC_ISA_USAGE = YES_ERROR;
				CLANG_WARN_EMPTY_BODY = YES;
				CLANG_WARN_ENUM_CONVERSION = YES;
				CLANG_WARN_INT_CONVERSION = YES;
				CLANG_WARN_OBJC_ROOT_CLASS = YES_ERROR;
				CLANG_WARN_UNREACHABLE_CODE = YES;
				CLANG_WARN__DUPLICATE_METHOD_MATCH = YES;
				"CODE_SIGN_IDENTITY[sdk=iphoneos*]" = "iPhone Developer";
				COPY_PHASE_STRIP = NO;
				DEBUG_INFORMATION_FORMAT = "dwarf-with-dsym";
				ENABLE_NS_ASSERTIONS = NO;
				ENABLE_STRICT_OBJC_MSGSEND = YES;
				GCC_C_LANGUAGE_STANDARD = gnu99;
				GCC_NO_COMMON_BLOCKS = YES;
				GCC_WARN_64_TO_32_BIT_CONVERSION = YES;
				GCC_WARN_ABOUT_RETURN_TYPE = YES_ERROR;
				GCC_WARN_UNDECLARED_SELECTOR = YES;
				GCC_WARN_UNINITIALIZED_AUTOS = YES_AGGRESSIVE;
				GCC_WARN_UNUSED_FUNCTION = YES;
				GCC_WARN_UNUSED_VARIABLE = YES;
				IPHONEOS_DEPLOYMENT_TARGET = 9.1;
				MTL_ENABLE_DEBUG_INFO = NO;
				SDKROOT = iphoneos;
				VALIDATE_PRODUCT = YES;
			};
			name = Release;
		};
		6C89F6FC1BFE05FD00AC2477 /* Debug */ = {
			isa = XCBuildConfiguration;
			buildSettings = {
				ASSETCATALOG_COMPILER_APPICON_NAME = AppIcon;
				INFOPLIST_FILE = VirtualTourist/Info.plist;
				LD_RUNPATH_SEARCH_PATHS = "$(inherited) @executable_path/Frameworks";
				PRODUCT_BUNDLE_IDENTIFIER = hoynk.VirtualTourist;
				PRODUCT_NAME = "$(TARGET_NAME)";
			};
			name = Debug;
		};
		6C89F6FD1BFE05FD00AC2477 /* Release */ = {
			isa = XCBuildConfiguration;
			buildSettings = {
				ASSETCATALOG_COMPILER_APPICON_NAME = AppIcon;
				INFOPLIST_FILE = VirtualTourist/Info.plist;
				LD_RUNPATH_SEARCH_PATHS = "$(inherited) @executable_path/Frameworks";
				PRODUCT_BUNDLE_IDENTIFIER = hoynk.VirtualTourist;
				PRODUCT_NAME = "$(TARGET_NAME)";
			};
			name = Release;
		};
/* End XCBuildConfiguration section */

/* Begin XCConfigurationList section */
		6C89F6E11BFE05FD00AC2477 /* Build configuration list for PBXProject "VirtualTourist" */ = {
			isa = XCConfigurationList;
			buildConfigurations = (
				6C89F6F91BFE05FD00AC2477 /* Debug */,
				6C89F6FA1BFE05FD00AC2477 /* Release */,
			);
			defaultConfigurationIsVisible = 0;
			defaultConfigurationName = Release;
		};
		6C89F6FB1BFE05FD00AC2477 /* Build configuration list for PBXNativeTarget "VirtualTourist" */ = {
			isa = XCConfigurationList;
			buildConfigurations = (
				6C89F6FC1BFE05FD00AC2477 /* Debug */,
				6C89F6FD1BFE05FD00AC2477 /* Release */,
			);
			defaultConfigurationIsVisible = 0;
		};
/* End XCConfigurationList section */

/* Begin XCVersionGroup section */
		6C89F6F01BFE05FD00AC2477 /* VirtualTourist.xcdatamodeld */ = {
			isa = XCVersionGroup;
			children = (
				6C89F6F11BFE05FD00AC2477 /* VirtualTourist.xcdatamodel */,
			);
			currentVersion = 6C89F6F11BFE05FD00AC2477 /* VirtualTourist.xcdatamodel */;
			path = VirtualTourist.xcdatamodeld;
			sourceTree = "<group>";
			versionGroupType = wrapper.xcdatamodel;
		};
/* End XCVersionGroup section */
	};
	rootObject = 6C89F6DE1BFE05FD00AC2477 /* Project object */;
}
